
Microsoft Visual Studio Solution File, Format Version 12.00
# Visual Studio Version 17
VisualStudioVersion = 17.8.34309.116
MinimumVisualStudioVersion = 10.0.40219.1
Project("{FAE04EC0-301F-11D3-BF4B-00C04F79EFBC}") = "RegServerT2", "RegServerT2\RegServerT2.csproj", "{2525FABE-17C0-44FC-8CBE-089960B2EB57}"
EndProject
Global
	GlobalSection(SolutionConfigurationPlatforms) = preSolution
		Debug|Any CPU = Debug|Any CPU
		Release|Any CPU = Release|Any CPU
	EndGlobalSection
	GlobalSection(ProjectConfigurationPlatforms) = postSolution
		{2525FABE-17C0-44FC-8CBE-089960B2EB57}.Debug|Any CPU.ActiveCfg = Debug|Any CPU
		{2525FABE-17C0-44FC-8CBE-089960B2EB57}.Debug|Any CPU.Build.0 = Debug|Any CPU
		{2525FABE-17C0-44FC-8CBE-089960B2EB57}.Release|Any CPU.ActiveCfg = Release|Any CPU
		{2525FABE-17C0-44FC-8CBE-089960B2EB57}.Release|Any CPU.Build.0 = Release|Any CPU
	EndGlobalSection
	GlobalSection(SolutionProperties) = preSolution
		HideSolutionNode = FALSE
	EndGlobalSection
	GlobalSection(ExtensibilityGlobals) = postSolution
		SolutionGuid = {33489766-CF53-4DEF-9870-EC066E868061}
	EndGlobalSection
EndGlobal
